<?xml version="1.0" encoding="utf-8"?>
<Project ToolsVersion="4.0" xmlns="http://schemas.microsoft.com/developer/msbuild/2003">
  <ItemGroup>
    <Filter Include="Core">
      <UniqueIdentifier>{2EB4837C-1AEB-840D-C3D7-6A10AFED000F}</UniqueIdentifier>
    </Filter>
    <Filter Include="Graphics">
      <UniqueIdentifier>{1653CE33-0220-293F-2B39-17E717655ECD}</UniqueIdentifier>
    </Filter>
    <Filter Include="Graphics\Buffers">
      <UniqueIdentifier>{92C817CE-7EC1-3620-A7F3-1BA5934B162C}</UniqueIdentifier>
    </Filter>
    <Filter Include="Graphics\ImGui">
      <UniqueIdentifier>{C0408A88-AC0E-7E8E-95A2-EEB4810F5AF3}</UniqueIdentifier>
    </Filter>
    <Filter Include="Graphics\Objects">
      <UniqueIdentifier>{CFA7C28A-BBA0-E1DC-E4D2-C661D02AC1E8}</UniqueIdentifier>
    </Filter>
    <Filter Include="Graphics\Shaders">
      <UniqueIdentifier>{EF2D07CC-DB26-261E-0459-0BA3F0B0052A}</UniqueIdentifier>
    </Filter>
    <Filter Include="Utils">
      <UniqueIdentifier>{F68B420E-62A0-6ABF-2B22-0E1F97F566F0}</UniqueIdentifier>
    </Filter>
  </ItemGroup>
  <ItemGroup>
    <ClInclude Include="Engine\src\Core\App.h">
      <Filter>Core</Filter>
    </ClInclude>
    <ClInclude Include="Engine\src\Core\Input.h">
      <Filter>Core</Filter>
    </ClInclude>
    <ClInclude Include="Engine\src\Core\Window.h">
      <Filter>Core</Filter>
    </ClInclude>
    <ClInclude Include="Engine\src\Graphics\Buffers\IndexBuffer.h">
      <Filter>Graphics\Buffers</Filter>
    </ClInclude>
    <ClInclude Include="Engine\src\Graphics\Buffers\InputLayout.h">
      <Filter>Graphics\Buffers</Filter>
    </ClInclude>
    <ClInclude Include="Engine\src\Graphics\Buffers\InstanceBuffer.h">
      <Filter>Graphics\Buffers</Filter>
    </ClInclude>
    <ClInclude Include="Engine\src\Graphics\Buffers\Topology.h">
      <Filter>Graphics\Buffers</Filter>
    </ClInclude>
    <ClInclude Include="Engine\src\Graphics\Buffers\VertexBuffer.h">
      <Filter>Graphics\Buffers</Filter>
    </ClInclude>
    <ClInclude Include="Engine\src\Graphics\GDIPlusManager.h">
      <Filter>Graphics</Filter>
    </ClInclude>
    <ClInclude Include="Engine\src\Graphics\GraphicsManager.h">
      <Filter>Graphics</Filter>
    </ClInclude>
    <ClInclude Include="Engine\src\Graphics\ImGui\ImGuiManager.h">
      <Filter>Graphics\ImGui</Filter>
    </ClInclude>
    <ClInclude Include="Engine\src\Graphics\ModelLoader.h">
      <Filter>Graphics</Filter>
    </ClInclude>
    <ClInclude Include="Engine\src\Graphics\Objects\Camera.h">
      <Filter>Graphics\Objects</Filter>
    </ClInclude>
    <ClInclude Include="Engine\src\Graphics\Objects\Cube.h">
      <Filter>Graphics\Objects</Filter>
    </ClInclude>
    <ClInclude Include="Engine\src\Graphics\Objects\GameObject.h">
      <Filter>Graphics\Objects</Filter>
    </ClInclude>
    <ClInclude Include="Engine\src\Graphics\Objects\Model.h">
      <Filter>Graphics\Objects</Filter>
    </ClInclude>
    <ClInclude Include="Engine\src\Graphics\Sampler.h">
      <Filter>Graphics</Filter>
    </ClInclude>
    <ClInclude Include="Engine\src\Graphics\Shaders\PixelShader.h">
      <Filter>Graphics\Shaders</Filter>
    </ClInclude>
    <ClInclude Include="Engine\src\Graphics\Shaders\Shader.h">
      <Filter>Graphics\Shaders</Filter>
    </ClInclude>
    <ClInclude Include="Engine\src\Graphics\Shaders\VertexShader.h">
      <Filter>Graphics\Shaders</Filter>
    </ClInclude>
    <ClInclude Include="Engine\src\Graphics\Surface.h">
      <Filter>Graphics</Filter>
    </ClInclude>
    <ClInclude Include="Engine\src\Graphics\Texture.h">
      <Filter>Graphics</Filter>
    </ClInclude>
    <ClInclude Include="Engine\src\Utils\KeyCodes.h">
      <Filter>Utils</Filter>
    </ClInclude>
    <ClInclude Include="Engine\src\Utils\MouseCodes.h">
      <Filter>Utils</Filter>
    </ClInclude>
    <ClInclude Include="Engine\src\Utils\Timer.h">
      <Filter>Utils</Filter>
    </ClInclude>
  </ItemGroup>
  <ItemGroup>
    <ClCompile Include="Engine\src\Core\App.cpp">
      <Filter>Core</Filter>
    </ClCompile>
    <ClCompile Include="Engine\src\Core\Entry.cpp">
      <Filter>Core</Filter>
    </ClCompile>
    <ClCompile Include="Engine\src\Core\Input.cpp">
      <Filter>Core</Filter>
    </ClCompile>
    <ClCompile Include="Engine\src\Core\Window.cpp">
      <Filter>Core</Filter>
    </ClCompile>
    <ClCompile Include="Engine\src\Graphics\Buffers\IndexBuffer.cpp">
      <Filter>Graphics\Buffers</Filter>
    </ClCompile>
    <ClCompile Include="Engine\src\Graphics\Buffers\InputLayout.cpp">
      <Filter>Graphics\Buffers</Filter>
    </ClCompile>
    <ClCompile Include="Engine\src\Graphics\Buffers\InstanceBuffer.cpp">
      <Filter>Graphics\Buffers</Filter>
    </ClCompile>
    <ClCompile Include="Engine\src\Graphics\Buffers\Topology.cpp">
      <Filter>Graphics\Buffers</Filter>
    </ClCompile>
    <ClCompile Include="Engine\src\Graphics\Buffers\VertexBuffer.cpp">
      <Filter>Graphics\Buffers</Filter>
    </ClCompile>
    <ClCompile Include="Engine\src\Graphics\GDIPlusManager.cpp">
      <Filter>Graphics</Filter>
    </ClCompile>
    <ClCompile Include="Engine\src\Graphics\GraphicsManager.cpp">
      <Filter>Graphics</Filter>
    </ClCompile>
    <ClCompile Include="Engine\src\Graphics\ImGui\ImGuiManager.cpp">
      <Filter>Graphics\ImGui</Filter>
    </ClCompile>
    <ClCompile Include="Engine\src\Graphics\ModelLoader.cpp">
      <Filter>Graphics</Filter>
    </ClCompile>
    <ClCompile Include="Engine\src\Graphics\Objects\Camera.cpp">
      <Filter>Graphics\Objects</Filter>
    </ClCompile>
    <ClCompile Include="Engine\src\Graphics\Objects\Cube.cpp">
      <Filter>Graphics\Objects</Filter>
    </ClCompile>
    <ClCompile Include="Engine\src\Graphics\Objects\GameObject.cpp">
      <Filter>Graphics\Objects</Filter>
    </ClCompile>
    <ClCompile Include="Engine\src\Graphics\Objects\Model.cpp">
      <Filter>Graphics\Objects</Filter>
    </ClCompile>
    <ClCompile Include="Engine\src\Graphics\Sampler.cpp">
      <Filter>Graphics</Filter>
    </ClCompile>
    <ClCompile Include="Engine\src\Graphics\Shaders\PixelShader.cpp">
      <Filter>Graphics\Shaders</Filter>
    </ClCompile>
    <ClCompile Include="Engine\src\Graphics\Shaders\Shader.cpp">
      <Filter>Graphics\Shaders</Filter>
    </ClCompile>
    <ClCompile Include="Engine\src\Graphics\Shaders\VertexShader.cpp">
      <Filter>Graphics\Shaders</Filter>
    </ClCompile>
    <ClCompile Include="Engine\src\Graphics\Surface.cpp">
      <Filter>Graphics</Filter>
    </ClCompile>
    <ClCompile Include="Engine\src\Graphics\Texture.cpp">
      <Filter>Graphics</Filter>
    </ClCompile>
  </ItemGroup>
  <ItemGroup>
    <CustomBuild Include="Engine\src\Graphics\Shaders\PixelShader.ps.hlsl">
      <Filter>Graphics\Shaders</Filter>
    </CustomBuild>
    <CustomBuild Include="Engine\src\Graphics\Shaders\VertexShader.vs.hlsl">
      <Filter>Graphics\Shaders</Filter>
    </CustomBuild>
  </ItemGroup>
</Project>